
Microsoft Visual Studio Solution File, Format Version 12.00
# Visual Studio 15
VisualStudioVersion = 15.0.27130.2036
MinimumVisualStudioVersion = 10.0.40219.1
Project("{FAE04EC0-301F-11D3-BF4B-00C04F79EFBC}") = "03. Match Hexadecimal Numbers", "03. Match Hexadecimal Numbers\03. Match Hexadecimal Numbers.csproj", "{D391EC43-78FF-4A8F-AE18-B56A52835ED0}"
EndProject
Global
	GlobalSection(SolutionConfigurationPlatforms) = preSolution
		Debug|Any CPU = Debug|Any CPU
		Release|Any CPU = Release|Any CPU
	EndGlobalSection
	GlobalSection(ProjectConfigurationPlatforms) = postSolution
		{D391EC43-78FF-4A8F-AE18-B56A52835ED0}.Debug|Any CPU.ActiveCfg = Debug|Any CPU
		{D391EC43-78FF-4A8F-AE18-B56A52835ED0}.Debug|Any CPU.Build.0 = Debug|Any CPU
		{D391EC43-78FF-4A8F-AE18-B56A52835ED0}.Release|Any CPU.ActiveCfg = Release|Any CPU
		{D391EC43-78FF-4A8F-AE18-B56A52835ED0}.Release|Any CPU.Build.0 = Release|Any CPU
	EndGlobalSection
	GlobalSection(SolutionProperties) = preSolution
		HideSolutionNode = FALSE
	EndGlobalSection
	GlobalSection(ExtensibilityGlobals) = postSolution
		SolutionGuid = {211A1185-AE1F-4694-B85C-2B2DF0E4DB89}
	EndGlobalSection
EndGlobal
