
Microsoft Visual Studio Solution File, Format Version 12.00
# Visual Studio 15
VisualStudioVersion = 15.0.27130.2026
MinimumVisualStudioVersion = 10.0.40219.1
Project("{FAE04EC0-301F-11D3-BF4B-00C04F79EFBC}") = "05. Word in Plural", "05. Word in Plural\05. Word in Plural.csproj", "{BB3A42C7-E548-4A73-810C-CF21E0C5DA93}"
EndProject
Global
	GlobalSection(SolutionConfigurationPlatforms) = preSolution
		Debug|Any CPU = Debug|Any CPU
		Release|Any CPU = Release|Any CPU
	EndGlobalSection
	GlobalSection(ProjectConfigurationPlatforms) = postSolution
		{BB3A42C7-E548-4A73-810C-CF21E0C5DA93}.Debug|Any CPU.ActiveCfg = Debug|Any CPU
		{BB3A42C7-E548-4A73-810C-CF21E0C5DA93}.Debug|Any CPU.Build.0 = Debug|Any CPU
		{BB3A42C7-E548-4A73-810C-CF21E0C5DA93}.Release|Any CPU.ActiveCfg = Release|Any CPU
		{BB3A42C7-E548-4A73-810C-CF21E0C5DA93}.Release|Any CPU.Build.0 = Release|Any CPU
	EndGlobalSection
	GlobalSection(SolutionProperties) = preSolution
		HideSolutionNode = FALSE
	EndGlobalSection
	GlobalSection(ExtensibilityGlobals) = postSolution
		SolutionGuid = {5D6ED253-E612-4A54-B53C-89B36A5ADC07}
	EndGlobalSection
EndGlobal
