
Microsoft Visual Studio Solution File, Format Version 12.00
# Visual Studio 15
VisualStudioVersion = 15.0.27130.2026
MinimumVisualStudioVersion = 10.0.40219.1
Project("{FAE04EC0-301F-11D3-BF4B-00C04F79EFBC}") = "07. Cake Ingredients", "07. Cake Ingredients\07. Cake Ingredients.csproj", "{E897EA48-E308-4A10-A6CF-4400A1F10BB7}"
EndProject
Global
	GlobalSection(SolutionConfigurationPlatforms) = preSolution
		Debug|Any CPU = Debug|Any CPU
		Release|Any CPU = Release|Any CPU
	EndGlobalSection
	GlobalSection(ProjectConfigurationPlatforms) = postSolution
		{E897EA48-E308-4A10-A6CF-4400A1F10BB7}.Debug|Any CPU.ActiveCfg = Debug|Any CPU
		{E897EA48-E308-4A10-A6CF-4400A1F10BB7}.Debug|Any CPU.Build.0 = Debug|Any CPU
		{E897EA48-E308-4A10-A6CF-4400A1F10BB7}.Release|Any CPU.ActiveCfg = Release|Any CPU
		{E897EA48-E308-4A10-A6CF-4400A1F10BB7}.Release|Any CPU.Build.0 = Release|Any CPU
	EndGlobalSection
	GlobalSection(SolutionProperties) = preSolution
		HideSolutionNode = FALSE
	EndGlobalSection
	GlobalSection(ExtensibilityGlobals) = postSolution
		SolutionGuid = {40BF947B-67DD-40B2-B2DA-09D0455EAFFD}
	EndGlobalSection
EndGlobal
