
Microsoft Visual Studio Solution File, Format Version 12.00
# Visual Studio 15
VisualStudioVersion = 15.0.27130.2036
MinimumVisualStudioVersion = 10.0.40219.1
Project("{FAE04EC0-301F-11D3-BF4B-00C04F79EFBC}") = "04. Match Dates", "04. Match Dates\04. Match Dates.csproj", "{DCC9F69C-39E2-4C14-96A4-1CF15A74BEFB}"
EndProject
Global
	GlobalSection(SolutionConfigurationPlatforms) = preSolution
		Debug|Any CPU = Debug|Any CPU
		Release|Any CPU = Release|Any CPU
	EndGlobalSection
	GlobalSection(ProjectConfigurationPlatforms) = postSolution
		{DCC9F69C-39E2-4C14-96A4-1CF15A74BEFB}.Debug|Any CPU.ActiveCfg = Debug|Any CPU
		{DCC9F69C-39E2-4C14-96A4-1CF15A74BEFB}.Debug|Any CPU.Build.0 = Debug|Any CPU
		{DCC9F69C-39E2-4C14-96A4-1CF15A74BEFB}.Release|Any CPU.ActiveCfg = Release|Any CPU
		{DCC9F69C-39E2-4C14-96A4-1CF15A74BEFB}.Release|Any CPU.Build.0 = Release|Any CPU
	EndGlobalSection
	GlobalSection(SolutionProperties) = preSolution
		HideSolutionNode = FALSE
	EndGlobalSection
	GlobalSection(ExtensibilityGlobals) = postSolution
		SolutionGuid = {F61F19FA-EB0B-485B-BDF3-C3435662E1FA}
	EndGlobalSection
EndGlobal
