
Microsoft Visual Studio Solution File, Format Version 12.00
# Visual Studio 15
VisualStudioVersion = 15.0.27130.2026
MinimumVisualStudioVersion = 10.0.40219.1
Project("{FAE04EC0-301F-11D3-BF4B-00C04F79EFBC}") = "2. Butterfly", "2. Butterfly\2. Butterfly.csproj", "{24393FCD-A97A-48C8-8893-CEA83E0D6290}"
EndProject
Global
	GlobalSection(SolutionConfigurationPlatforms) = preSolution
		Debug|Any CPU = Debug|Any CPU
		Release|Any CPU = Release|Any CPU
	EndGlobalSection
	GlobalSection(ProjectConfigurationPlatforms) = postSolution
		{24393FCD-A97A-48C8-8893-CEA83E0D6290}.Debug|Any CPU.ActiveCfg = Debug|Any CPU
		{24393FCD-A97A-48C8-8893-CEA83E0D6290}.Debug|Any CPU.Build.0 = Debug|Any CPU
		{24393FCD-A97A-48C8-8893-CEA83E0D6290}.Release|Any CPU.ActiveCfg = Release|Any CPU
		{24393FCD-A97A-48C8-8893-CEA83E0D6290}.Release|Any CPU.Build.0 = Release|Any CPU
	EndGlobalSection
	GlobalSection(SolutionProperties) = preSolution
		HideSolutionNode = FALSE
	EndGlobalSection
	GlobalSection(ExtensibilityGlobals) = postSolution
		SolutionGuid = {C5813450-DDDF-4A65-B27F-A5A96B6D1A6D}
	EndGlobalSection
EndGlobal
