
Microsoft Visual Studio Solution File, Format Version 12.00
# Visual Studio 15
VisualStudioVersion = 15.0.27130.2026
MinimumVisualStudioVersion = 10.0.40219.1
Project("{FAE04EC0-301F-11D3-BF4B-00C04F79EFBC}") = "0.8 Logs Aggregator", "0.8 Logs Aggregator\0.8 Logs Aggregator.csproj", "{E1709EDB-E5DD-4631-A22D-3F04B2C05D9A}"
EndProject
Global
	GlobalSection(SolutionConfigurationPlatforms) = preSolution
		Debug|Any CPU = Debug|Any CPU
		Release|Any CPU = Release|Any CPU
	EndGlobalSection
	GlobalSection(ProjectConfigurationPlatforms) = postSolution
		{E1709EDB-E5DD-4631-A22D-3F04B2C05D9A}.Debug|Any CPU.ActiveCfg = Debug|Any CPU
		{E1709EDB-E5DD-4631-A22D-3F04B2C05D9A}.Debug|Any CPU.Build.0 = Debug|Any CPU
		{E1709EDB-E5DD-4631-A22D-3F04B2C05D9A}.Release|Any CPU.ActiveCfg = Release|Any CPU
		{E1709EDB-E5DD-4631-A22D-3F04B2C05D9A}.Release|Any CPU.Build.0 = Release|Any CPU
	EndGlobalSection
	GlobalSection(SolutionProperties) = preSolution
		HideSolutionNode = FALSE
	EndGlobalSection
	GlobalSection(ExtensibilityGlobals) = postSolution
		SolutionGuid = {CEAB9888-17AE-4976-94ED-2A80541BEABF}
	EndGlobalSection
EndGlobal
