
Microsoft Visual Studio Solution File, Format Version 12.00
# Visual Studio 15
VisualStudioVersion = 15.0.27130.2026
MinimumVisualStudioVersion = 10.0.40219.1
Project("{FAE04EC0-301F-11D3-BF4B-00C04F79EFBC}") = "09. Index of Letters", "09. Index of Letters\09. Index of Letters.csproj", "{F555C11D-9804-456A-B157-DE03E6617BF4}"
EndProject
Global
	GlobalSection(SolutionConfigurationPlatforms) = preSolution
		Debug|Any CPU = Debug|Any CPU
		Release|Any CPU = Release|Any CPU
	EndGlobalSection
	GlobalSection(ProjectConfigurationPlatforms) = postSolution
		{F555C11D-9804-456A-B157-DE03E6617BF4}.Debug|Any CPU.ActiveCfg = Debug|Any CPU
		{F555C11D-9804-456A-B157-DE03E6617BF4}.Debug|Any CPU.Build.0 = Debug|Any CPU
		{F555C11D-9804-456A-B157-DE03E6617BF4}.Release|Any CPU.ActiveCfg = Release|Any CPU
		{F555C11D-9804-456A-B157-DE03E6617BF4}.Release|Any CPU.Build.0 = Release|Any CPU
	EndGlobalSection
	GlobalSection(SolutionProperties) = preSolution
		HideSolutionNode = FALSE
	EndGlobalSection
	GlobalSection(ExtensibilityGlobals) = postSolution
		SolutionGuid = {6865E832-0168-476E-BAD5-A49DE7571CC6}
	EndGlobalSection
EndGlobal
