
Microsoft Visual Studio Solution File, Format Version 12.00
# Visual Studio 15
VisualStudioVersion = 15.0.27130.2026
MinimumVisualStudioVersion = 10.0.40219.1
Project("{FAE04EC0-301F-11D3-BF4B-00C04F79EFBC}") = "11. Equal Sums", "11. Equal Sums\11. Equal Sums.csproj", "{68557AEC-90E1-458F-B71E-FB23689D3AE2}"
EndProject
Global
	GlobalSection(SolutionConfigurationPlatforms) = preSolution
		Debug|Any CPU = Debug|Any CPU
		Release|Any CPU = Release|Any CPU
	EndGlobalSection
	GlobalSection(ProjectConfigurationPlatforms) = postSolution
		{68557AEC-90E1-458F-B71E-FB23689D3AE2}.Debug|Any CPU.ActiveCfg = Debug|Any CPU
		{68557AEC-90E1-458F-B71E-FB23689D3AE2}.Debug|Any CPU.Build.0 = Debug|Any CPU
		{68557AEC-90E1-458F-B71E-FB23689D3AE2}.Release|Any CPU.ActiveCfg = Release|Any CPU
		{68557AEC-90E1-458F-B71E-FB23689D3AE2}.Release|Any CPU.Build.0 = Release|Any CPU
	EndGlobalSection
	GlobalSection(SolutionProperties) = preSolution
		HideSolutionNode = FALSE
	EndGlobalSection
	GlobalSection(ExtensibilityGlobals) = postSolution
		SolutionGuid = {8EB9E301-E663-4952-95D3-E0B3EB440B50}
	EndGlobalSection
EndGlobal
