
Microsoft Visual Studio Solution File, Format Version 12.00
# Visual Studio 15
VisualStudioVersion = 15.0.27130.2036
MinimumVisualStudioVersion = 10.0.40219.1
Project("{FAE04EC0-301F-11D3-BF4B-00C04F79EFBC}") = "02. Pokemon Dont Go", "02. Pokemon Dont Go\02. Pokemon Dont Go.csproj", "{1BCAEE42-8228-4BF6-BB92-5E7A94D30F06}"
EndProject
Global
	GlobalSection(SolutionConfigurationPlatforms) = preSolution
		Debug|Any CPU = Debug|Any CPU
		Release|Any CPU = Release|Any CPU
	EndGlobalSection
	GlobalSection(ProjectConfigurationPlatforms) = postSolution
		{1BCAEE42-8228-4BF6-BB92-5E7A94D30F06}.Debug|Any CPU.ActiveCfg = Debug|Any CPU
		{1BCAEE42-8228-4BF6-BB92-5E7A94D30F06}.Debug|Any CPU.Build.0 = Debug|Any CPU
		{1BCAEE42-8228-4BF6-BB92-5E7A94D30F06}.Release|Any CPU.ActiveCfg = Release|Any CPU
		{1BCAEE42-8228-4BF6-BB92-5E7A94D30F06}.Release|Any CPU.Build.0 = Release|Any CPU
	EndGlobalSection
	GlobalSection(SolutionProperties) = preSolution
		HideSolutionNode = FALSE
	EndGlobalSection
	GlobalSection(ExtensibilityGlobals) = postSolution
		SolutionGuid = {4CAEB6D8-3EE7-4CD4-8AF2-E08639A74307}
	EndGlobalSection
EndGlobal
