
Microsoft Visual Studio Solution File, Format Version 12.00
# Visual Studio 15
VisualStudioVersion = 15.0.27130.2026
MinimumVisualStudioVersion = 10.0.40219.1
Project("{FAE04EC0-301F-11D3-BF4B-00C04F79EFBC}") = "04. Distance between Points", "04. Distance between Points\04. Distance between Points.csproj", "{67627561-5F8D-44FA-ADF4-EEE7CC87F2D3}"
EndProject
Global
	GlobalSection(SolutionConfigurationPlatforms) = preSolution
		Debug|Any CPU = Debug|Any CPU
		Release|Any CPU = Release|Any CPU
	EndGlobalSection
	GlobalSection(ProjectConfigurationPlatforms) = postSolution
		{67627561-5F8D-44FA-ADF4-EEE7CC87F2D3}.Debug|Any CPU.ActiveCfg = Debug|Any CPU
		{67627561-5F8D-44FA-ADF4-EEE7CC87F2D3}.Debug|Any CPU.Build.0 = Debug|Any CPU
		{67627561-5F8D-44FA-ADF4-EEE7CC87F2D3}.Release|Any CPU.ActiveCfg = Release|Any CPU
		{67627561-5F8D-44FA-ADF4-EEE7CC87F2D3}.Release|Any CPU.Build.0 = Release|Any CPU
	EndGlobalSection
	GlobalSection(SolutionProperties) = preSolution
		HideSolutionNode = FALSE
	EndGlobalSection
	GlobalSection(ExtensibilityGlobals) = postSolution
		SolutionGuid = {495A879A-C8DB-476E-96A1-17DAF2AAC934}
	EndGlobalSection
EndGlobal
