
Microsoft Visual Studio Solution File, Format Version 12.00
# Visual Studio 15
VisualStudioVersion = 15.0.27130.2026
MinimumVisualStudioVersion = 10.0.40219.1
Project("{FAE04EC0-301F-11D3-BF4B-00C04F79EFBC}") = "04. Hotel", "04. Hotel\04. Hotel.csproj", "{B264F790-084B-40DD-A5D6-3292A41F1592}"
EndProject
Global
	GlobalSection(SolutionConfigurationPlatforms) = preSolution
		Debug|Any CPU = Debug|Any CPU
		Release|Any CPU = Release|Any CPU
	EndGlobalSection
	GlobalSection(ProjectConfigurationPlatforms) = postSolution
		{B264F790-084B-40DD-A5D6-3292A41F1592}.Debug|Any CPU.ActiveCfg = Debug|Any CPU
		{B264F790-084B-40DD-A5D6-3292A41F1592}.Debug|Any CPU.Build.0 = Debug|Any CPU
		{B264F790-084B-40DD-A5D6-3292A41F1592}.Release|Any CPU.ActiveCfg = Release|Any CPU
		{B264F790-084B-40DD-A5D6-3292A41F1592}.Release|Any CPU.Build.0 = Release|Any CPU
	EndGlobalSection
	GlobalSection(SolutionProperties) = preSolution
		HideSolutionNode = FALSE
	EndGlobalSection
	GlobalSection(ExtensibilityGlobals) = postSolution
		SolutionGuid = {7AF9183E-32C8-4BB2-A03D-E268261192F3}
	EndGlobalSection
EndGlobal
