
Microsoft Visual Studio Solution File, Format Version 12.00
# Visual Studio 15
VisualStudioVersion = 15.0.27130.2036
MinimumVisualStudioVersion = 10.0.40219.1
Project("{FAE04EC0-301F-11D3-BF4B-00C04F79EFBC}") = "02. Pokemon Don't Go", "02. Pokemon Don't Go\02. Pokemon Don't Go.csproj", "{2FB59579-5F00-4130-803A-782EDA4857FA}"
EndProject
Global
	GlobalSection(SolutionConfigurationPlatforms) = preSolution
		Debug|Any CPU = Debug|Any CPU
		Release|Any CPU = Release|Any CPU
	EndGlobalSection
	GlobalSection(ProjectConfigurationPlatforms) = postSolution
		{2FB59579-5F00-4130-803A-782EDA4857FA}.Debug|Any CPU.ActiveCfg = Debug|Any CPU
		{2FB59579-5F00-4130-803A-782EDA4857FA}.Debug|Any CPU.Build.0 = Debug|Any CPU
		{2FB59579-5F00-4130-803A-782EDA4857FA}.Release|Any CPU.ActiveCfg = Release|Any CPU
		{2FB59579-5F00-4130-803A-782EDA4857FA}.Release|Any CPU.Build.0 = Release|Any CPU
	EndGlobalSection
	GlobalSection(SolutionProperties) = preSolution
		HideSolutionNode = FALSE
	EndGlobalSection
	GlobalSection(ExtensibilityGlobals) = postSolution
		SolutionGuid = {3514EED2-FB8A-4524-A35C-4A4567EB22C1}
	EndGlobalSection
EndGlobal
