
Microsoft Visual Studio Solution File, Format Version 12.00
# Visual Studio 15
VisualStudioVersion = 15.0.27130.2026
MinimumVisualStudioVersion = 10.0.40219.1
Project("{FAE04EC0-301F-11D3-BF4B-00C04F79EFBC}") = "04. Fix Emails", "04. Fix Emails\04. Fix Emails.csproj", "{E51BC251-5F10-4F0E-A314-17BB58F85A81}"
EndProject
Global
	GlobalSection(SolutionConfigurationPlatforms) = preSolution
		Debug|Any CPU = Debug|Any CPU
		Release|Any CPU = Release|Any CPU
	EndGlobalSection
	GlobalSection(ProjectConfigurationPlatforms) = postSolution
		{E51BC251-5F10-4F0E-A314-17BB58F85A81}.Debug|Any CPU.ActiveCfg = Debug|Any CPU
		{E51BC251-5F10-4F0E-A314-17BB58F85A81}.Debug|Any CPU.Build.0 = Debug|Any CPU
		{E51BC251-5F10-4F0E-A314-17BB58F85A81}.Release|Any CPU.ActiveCfg = Release|Any CPU
		{E51BC251-5F10-4F0E-A314-17BB58F85A81}.Release|Any CPU.Build.0 = Release|Any CPU
	EndGlobalSection
	GlobalSection(SolutionProperties) = preSolution
		HideSolutionNode = FALSE
	EndGlobalSection
	GlobalSection(ExtensibilityGlobals) = postSolution
		SolutionGuid = {C26EB31F-C9FB-4ABE-BCA5-DC57CA355B5F}
	EndGlobalSection
EndGlobal
