
Microsoft Visual Studio Solution File, Format Version 12.00
# Visual Studio 15
VisualStudioVersion = 15.0.27130.2026
MinimumVisualStudioVersion = 10.0.40219.1
Project("{FAE04EC0-301F-11D3-BF4B-00C04F79EFBC}") = "13. Vowel or Digit", "13. Vowel or Digit\13. Vowel or Digit.csproj", "{CC81E9D4-52B1-48DC-A7DC-9A1EDB294BC4}"
EndProject
Global
	GlobalSection(SolutionConfigurationPlatforms) = preSolution
		Debug|Any CPU = Debug|Any CPU
		Release|Any CPU = Release|Any CPU
	EndGlobalSection
	GlobalSection(ProjectConfigurationPlatforms) = postSolution
		{CC81E9D4-52B1-48DC-A7DC-9A1EDB294BC4}.Debug|Any CPU.ActiveCfg = Debug|Any CPU
		{CC81E9D4-52B1-48DC-A7DC-9A1EDB294BC4}.Debug|Any CPU.Build.0 = Debug|Any CPU
		{CC81E9D4-52B1-48DC-A7DC-9A1EDB294BC4}.Release|Any CPU.ActiveCfg = Release|Any CPU
		{CC81E9D4-52B1-48DC-A7DC-9A1EDB294BC4}.Release|Any CPU.Build.0 = Release|Any CPU
	EndGlobalSection
	GlobalSection(SolutionProperties) = preSolution
		HideSolutionNode = FALSE
	EndGlobalSection
	GlobalSection(ExtensibilityGlobals) = postSolution
		SolutionGuid = {5204E517-D765-4012-ACBF-6ED9497641FC}
	EndGlobalSection
EndGlobal
