
Microsoft Visual Studio Solution File, Format Version 12.00
# Visual Studio 15
VisualStudioVersion = 15.0.27130.2026
MinimumVisualStudioVersion = 10.0.40219.1
Project("{FAE04EC0-301F-11D3-BF4B-00C04F79EFBC}") = "05. Hands of Cards", "05. Hands of Cards\05. Hands of Cards.csproj", "{49FBD041-B10D-4D23-9808-4746C2778786}"
EndProject
Global
	GlobalSection(SolutionConfigurationPlatforms) = preSolution
		Debug|Any CPU = Debug|Any CPU
		Release|Any CPU = Release|Any CPU
	EndGlobalSection
	GlobalSection(ProjectConfigurationPlatforms) = postSolution
		{49FBD041-B10D-4D23-9808-4746C2778786}.Debug|Any CPU.ActiveCfg = Debug|Any CPU
		{49FBD041-B10D-4D23-9808-4746C2778786}.Debug|Any CPU.Build.0 = Debug|Any CPU
		{49FBD041-B10D-4D23-9808-4746C2778786}.Release|Any CPU.ActiveCfg = Release|Any CPU
		{49FBD041-B10D-4D23-9808-4746C2778786}.Release|Any CPU.Build.0 = Release|Any CPU
	EndGlobalSection
	GlobalSection(SolutionProperties) = preSolution
		HideSolutionNode = FALSE
	EndGlobalSection
	GlobalSection(ExtensibilityGlobals) = postSolution
		SolutionGuid = {521B0BDC-6318-4A24-87BD-A8F379BD60C7}
	EndGlobalSection
EndGlobal
