
Microsoft Visual Studio Solution File, Format Version 12.00
# Visual Studio 15
VisualStudioVersion = 15.0.27130.2026
MinimumVisualStudioVersion = 10.0.40219.1
Project("{FAE04EC0-301F-11D3-BF4B-00C04F79EFBC}") = "05. Pizza Ingredients", "05. Pizza Ingredients\05. Pizza Ingredients.csproj", "{0BAE4268-9D45-48C5-95F8-9688058BF8D3}"
EndProject
Global
	GlobalSection(SolutionConfigurationPlatforms) = preSolution
		Debug|Any CPU = Debug|Any CPU
		Release|Any CPU = Release|Any CPU
	EndGlobalSection
	GlobalSection(ProjectConfigurationPlatforms) = postSolution
		{0BAE4268-9D45-48C5-95F8-9688058BF8D3}.Debug|Any CPU.ActiveCfg = Debug|Any CPU
		{0BAE4268-9D45-48C5-95F8-9688058BF8D3}.Debug|Any CPU.Build.0 = Debug|Any CPU
		{0BAE4268-9D45-48C5-95F8-9688058BF8D3}.Release|Any CPU.ActiveCfg = Release|Any CPU
		{0BAE4268-9D45-48C5-95F8-9688058BF8D3}.Release|Any CPU.Build.0 = Release|Any CPU
	EndGlobalSection
	GlobalSection(SolutionProperties) = preSolution
		HideSolutionNode = FALSE
	EndGlobalSection
	GlobalSection(ExtensibilityGlobals) = postSolution
		SolutionGuid = {3054C682-B80D-4C89-B2B6-0ED6E04D158D}
	EndGlobalSection
EndGlobal
