
Microsoft Visual Studio Solution File, Format Version 12.00
# Visual Studio 15
VisualStudioVersion = 15.0.27130.2026
MinimumVisualStudioVersion = 10.0.40219.1
Project("{FAE04EC0-301F-11D3-BF4B-00C04F79EFBC}") = "17. Print Part Of ASCII Table", "17. Print Part Of ASCII Table\17. Print Part Of ASCII Table.csproj", "{FE23BB46-2BE7-47D6-AF52-1B77A0A7640F}"
EndProject
Global
	GlobalSection(SolutionConfigurationPlatforms) = preSolution
		Debug|Any CPU = Debug|Any CPU
		Release|Any CPU = Release|Any CPU
	EndGlobalSection
	GlobalSection(ProjectConfigurationPlatforms) = postSolution
		{FE23BB46-2BE7-47D6-AF52-1B77A0A7640F}.Debug|Any CPU.ActiveCfg = Debug|Any CPU
		{FE23BB46-2BE7-47D6-AF52-1B77A0A7640F}.Debug|Any CPU.Build.0 = Debug|Any CPU
		{FE23BB46-2BE7-47D6-AF52-1B77A0A7640F}.Release|Any CPU.ActiveCfg = Release|Any CPU
		{FE23BB46-2BE7-47D6-AF52-1B77A0A7640F}.Release|Any CPU.Build.0 = Release|Any CPU
	EndGlobalSection
	GlobalSection(SolutionProperties) = preSolution
		HideSolutionNode = FALSE
	EndGlobalSection
	GlobalSection(ExtensibilityGlobals) = postSolution
		SolutionGuid = {41FDF3F4-BD65-45E4-983D-263A2F9FEAA4}
	EndGlobalSection
EndGlobal
