
Microsoft Visual Studio Solution File, Format Version 12.00
# Visual Studio 15
VisualStudioVersion = 15.0.27130.2024
MinimumVisualStudioVersion = 10.0.40219.1
Project("{FAE04EC0-301F-11D3-BF4B-00C04F79EFBC}") = "05. Character Stats", "05. Character Stats\05. Character Stats.csproj", "{B64CDDCB-8FB1-43E9-AD6B-7F0DAABBC947}"
EndProject
Global
	GlobalSection(SolutionConfigurationPlatforms) = preSolution
		Debug|Any CPU = Debug|Any CPU
		Release|Any CPU = Release|Any CPU
	EndGlobalSection
	GlobalSection(ProjectConfigurationPlatforms) = postSolution
		{B64CDDCB-8FB1-43E9-AD6B-7F0DAABBC947}.Debug|Any CPU.ActiveCfg = Debug|Any CPU
		{B64CDDCB-8FB1-43E9-AD6B-7F0DAABBC947}.Debug|Any CPU.Build.0 = Debug|Any CPU
		{B64CDDCB-8FB1-43E9-AD6B-7F0DAABBC947}.Release|Any CPU.ActiveCfg = Release|Any CPU
		{B64CDDCB-8FB1-43E9-AD6B-7F0DAABBC947}.Release|Any CPU.Build.0 = Release|Any CPU
	EndGlobalSection
	GlobalSection(SolutionProperties) = preSolution
		HideSolutionNode = FALSE
	EndGlobalSection
	GlobalSection(ExtensibilityGlobals) = postSolution
		SolutionGuid = {A0B5836F-E7BA-4D24-AD3E-F1CCCB8F72E3}
	EndGlobalSection
EndGlobal
