
Microsoft Visual Studio Solution File, Format Version 12.00
# Visual Studio 15
VisualStudioVersion = 15.0.27130.2026
MinimumVisualStudioVersion = 10.0.40219.1
Project("{FAE04EC0-301F-11D3-BF4B-00C04F79EFBC}") = "10. Sum of Chars", "10. Sum of Chars\10. Sum of Chars.csproj", "{9E11F985-D1D8-42F1-8B37-DB45EC257DF8}"
EndProject
Global
	GlobalSection(SolutionConfigurationPlatforms) = preSolution
		Debug|Any CPU = Debug|Any CPU
		Release|Any CPU = Release|Any CPU
	EndGlobalSection
	GlobalSection(ProjectConfigurationPlatforms) = postSolution
		{9E11F985-D1D8-42F1-8B37-DB45EC257DF8}.Debug|Any CPU.ActiveCfg = Debug|Any CPU
		{9E11F985-D1D8-42F1-8B37-DB45EC257DF8}.Debug|Any CPU.Build.0 = Debug|Any CPU
		{9E11F985-D1D8-42F1-8B37-DB45EC257DF8}.Release|Any CPU.ActiveCfg = Release|Any CPU
		{9E11F985-D1D8-42F1-8B37-DB45EC257DF8}.Release|Any CPU.Build.0 = Release|Any CPU
	EndGlobalSection
	GlobalSection(SolutionProperties) = preSolution
		HideSolutionNode = FALSE
	EndGlobalSection
	GlobalSection(ExtensibilityGlobals) = postSolution
		SolutionGuid = {98DCC2A4-16B8-4BD6-B070-F1970A92FEB1}
	EndGlobalSection
EndGlobal
