
Microsoft Visual Studio Solution File, Format Version 12.00
# Visual Studio 15
VisualStudioVersion = 15.0.27130.2026
MinimumVisualStudioVersion = 10.0.40219.1
Project("{FAE04EC0-301F-11D3-BF4B-00C04F79EFBC}") = "0.7 Primes in Given Range", "0.7 Primes in Given Range\0.7 Primes in Given Range.csproj", "{15FED2BE-854C-487F-8D40-987FD65D9DEE}"
EndProject
Global
	GlobalSection(SolutionConfigurationPlatforms) = preSolution
		Debug|Any CPU = Debug|Any CPU
		Release|Any CPU = Release|Any CPU
	EndGlobalSection
	GlobalSection(ProjectConfigurationPlatforms) = postSolution
		{15FED2BE-854C-487F-8D40-987FD65D9DEE}.Debug|Any CPU.ActiveCfg = Debug|Any CPU
		{15FED2BE-854C-487F-8D40-987FD65D9DEE}.Debug|Any CPU.Build.0 = Debug|Any CPU
		{15FED2BE-854C-487F-8D40-987FD65D9DEE}.Release|Any CPU.ActiveCfg = Release|Any CPU
		{15FED2BE-854C-487F-8D40-987FD65D9DEE}.Release|Any CPU.Build.0 = Release|Any CPU
	EndGlobalSection
	GlobalSection(SolutionProperties) = preSolution
		HideSolutionNode = FALSE
	EndGlobalSection
	GlobalSection(ExtensibilityGlobals) = postSolution
		SolutionGuid = {5CAEB406-205A-4D4B-B4CB-A8F08440D350}
	EndGlobalSection
EndGlobal
