
Microsoft Visual Studio Solution File, Format Version 12.00
# Visual Studio 15
VisualStudioVersion = 15.0.27130.2026
MinimumVisualStudioVersion = 10.0.40219.1
Project("{FAE04EC0-301F-11D3-BF4B-00C04F79EFBC}") = "01. Phonebook", "01. Phonebook\01. Phonebook.csproj", "{223CF06A-188F-4D5C-ACC7-4701BF71C251}"
EndProject
Global
	GlobalSection(SolutionConfigurationPlatforms) = preSolution
		Debug|Any CPU = Debug|Any CPU
		Release|Any CPU = Release|Any CPU
	EndGlobalSection
	GlobalSection(ProjectConfigurationPlatforms) = postSolution
		{223CF06A-188F-4D5C-ACC7-4701BF71C251}.Debug|Any CPU.ActiveCfg = Debug|Any CPU
		{223CF06A-188F-4D5C-ACC7-4701BF71C251}.Debug|Any CPU.Build.0 = Debug|Any CPU
		{223CF06A-188F-4D5C-ACC7-4701BF71C251}.Release|Any CPU.ActiveCfg = Release|Any CPU
		{223CF06A-188F-4D5C-ACC7-4701BF71C251}.Release|Any CPU.Build.0 = Release|Any CPU
	EndGlobalSection
	GlobalSection(SolutionProperties) = preSolution
		HideSolutionNode = FALSE
	EndGlobalSection
	GlobalSection(ExtensibilityGlobals) = postSolution
		SolutionGuid = {3FDF53D9-C6AB-4878-B9F8-FFB346AC05DD}
	EndGlobalSection
EndGlobal
