
Microsoft Visual Studio Solution File, Format Version 12.00
# Visual Studio 15
VisualStudioVersion = 15.0.27130.2026
MinimumVisualStudioVersion = 10.0.40219.1
Project("{FAE04EC0-301F-11D3-BF4B-00C04F79EFBC}") = "01. Count Real Numbers", "01. Count Real Numbers\01. Count Real Numbers.csproj", "{ED9E0085-B8DC-4C06-ABF5-1D094F7CDE90}"
EndProject
Global
	GlobalSection(SolutionConfigurationPlatforms) = preSolution
		Debug|Any CPU = Debug|Any CPU
		Release|Any CPU = Release|Any CPU
	EndGlobalSection
	GlobalSection(ProjectConfigurationPlatforms) = postSolution
		{ED9E0085-B8DC-4C06-ABF5-1D094F7CDE90}.Debug|Any CPU.ActiveCfg = Debug|Any CPU
		{ED9E0085-B8DC-4C06-ABF5-1D094F7CDE90}.Debug|Any CPU.Build.0 = Debug|Any CPU
		{ED9E0085-B8DC-4C06-ABF5-1D094F7CDE90}.Release|Any CPU.ActiveCfg = Release|Any CPU
		{ED9E0085-B8DC-4C06-ABF5-1D094F7CDE90}.Release|Any CPU.Build.0 = Release|Any CPU
	EndGlobalSection
	GlobalSection(SolutionProperties) = preSolution
		HideSolutionNode = FALSE
	EndGlobalSection
	GlobalSection(ExtensibilityGlobals) = postSolution
		SolutionGuid = {E3D0BAD8-B9F3-44A6-8F33-8C88FFFE88F6}
	EndGlobalSection
EndGlobal
