
Microsoft Visual Studio Solution File, Format Version 12.00
# Visual Studio 15
VisualStudioVersion = 15.0.27130.2024
MinimumVisualStudioVersion = 10.0.40219.1
Project("{FAE04EC0-301F-11D3-BF4B-00C04F79EFBC}") = "02. Rectangle Area", "02. Rectangle Area\02. Rectangle Area.csproj", "{74D88A41-BDAC-4337-BFCE-B6F2F4F24ADA}"
EndProject
Global
	GlobalSection(SolutionConfigurationPlatforms) = preSolution
		Debug|Any CPU = Debug|Any CPU
		Release|Any CPU = Release|Any CPU
	EndGlobalSection
	GlobalSection(ProjectConfigurationPlatforms) = postSolution
		{74D88A41-BDAC-4337-BFCE-B6F2F4F24ADA}.Debug|Any CPU.ActiveCfg = Debug|Any CPU
		{74D88A41-BDAC-4337-BFCE-B6F2F4F24ADA}.Debug|Any CPU.Build.0 = Debug|Any CPU
		{74D88A41-BDAC-4337-BFCE-B6F2F4F24ADA}.Release|Any CPU.ActiveCfg = Release|Any CPU
		{74D88A41-BDAC-4337-BFCE-B6F2F4F24ADA}.Release|Any CPU.Build.0 = Release|Any CPU
	EndGlobalSection
	GlobalSection(SolutionProperties) = preSolution
		HideSolutionNode = FALSE
	EndGlobalSection
	GlobalSection(ExtensibilityGlobals) = postSolution
		SolutionGuid = {B1A4FAE4-0986-4647-807F-6190B6621812}
	EndGlobalSection
EndGlobal
