
Microsoft Visual Studio Solution File, Format Version 12.00
# Visual Studio 15
VisualStudioVersion = 15.0.27130.2036
MinimumVisualStudioVersion = 10.0.40219.1
Project("{FAE04EC0-301F-11D3-BF4B-00C04F79EFBC}") = "04. Pokemon Evolution", "04. Pokemon Evolution\04. Pokemon Evolution.csproj", "{86A37062-4A51-4A47-A596-D90211A2A2A8}"
EndProject
Global
	GlobalSection(SolutionConfigurationPlatforms) = preSolution
		Debug|Any CPU = Debug|Any CPU
		Release|Any CPU = Release|Any CPU
	EndGlobalSection
	GlobalSection(ProjectConfigurationPlatforms) = postSolution
		{86A37062-4A51-4A47-A596-D90211A2A2A8}.Debug|Any CPU.ActiveCfg = Debug|Any CPU
		{86A37062-4A51-4A47-A596-D90211A2A2A8}.Debug|Any CPU.Build.0 = Debug|Any CPU
		{86A37062-4A51-4A47-A596-D90211A2A2A8}.Release|Any CPU.ActiveCfg = Release|Any CPU
		{86A37062-4A51-4A47-A596-D90211A2A2A8}.Release|Any CPU.Build.0 = Release|Any CPU
	EndGlobalSection
	GlobalSection(SolutionProperties) = preSolution
		HideSolutionNode = FALSE
	EndGlobalSection
	GlobalSection(ExtensibilityGlobals) = postSolution
		SolutionGuid = {9F53F628-A82B-4E8F-82FF-E706EB535751}
	EndGlobalSection
EndGlobal
