
Microsoft Visual Studio Solution File, Format Version 12.00
# Visual Studio 15
VisualStudioVersion = 15.0.27130.2026
MinimumVisualStudioVersion = 10.0.40219.1
Project("{FAE04EC0-301F-11D3-BF4B-00C04F79EFBC}") = "03. Practice Chars And Strings", "03. Practice Chars And Strings\03. Practice Chars And Strings.csproj", "{40561726-D477-4D8F-B45F-997E05179C12}"
EndProject
Global
	GlobalSection(SolutionConfigurationPlatforms) = preSolution
		Debug|Any CPU = Debug|Any CPU
		Release|Any CPU = Release|Any CPU
	EndGlobalSection
	GlobalSection(ProjectConfigurationPlatforms) = postSolution
		{40561726-D477-4D8F-B45F-997E05179C12}.Debug|Any CPU.ActiveCfg = Debug|Any CPU
		{40561726-D477-4D8F-B45F-997E05179C12}.Debug|Any CPU.Build.0 = Debug|Any CPU
		{40561726-D477-4D8F-B45F-997E05179C12}.Release|Any CPU.ActiveCfg = Release|Any CPU
		{40561726-D477-4D8F-B45F-997E05179C12}.Release|Any CPU.Build.0 = Release|Any CPU
	EndGlobalSection
	GlobalSection(SolutionProperties) = preSolution
		HideSolutionNode = FALSE
	EndGlobalSection
	GlobalSection(ExtensibilityGlobals) = postSolution
		SolutionGuid = {E8EB7E62-BDF2-4F8E-846C-340B145C110D}
	EndGlobalSection
EndGlobal
