
Microsoft Visual Studio Solution File, Format Version 12.00
# Visual Studio 15
VisualStudioVersion = 15.0.27130.2026
MinimumVisualStudioVersion = 10.0.40219.1
Project("{FAE04EC0-301F-11D3-BF4B-00C04F79EFBC}") = "15. Fast Prime Checker", "15. Fast Prime Checker\15. Fast Prime Checker.csproj", "{192A2F8B-D979-43B4-9D54-46778D9D4476}"
EndProject
Global
	GlobalSection(SolutionConfigurationPlatforms) = preSolution
		Debug|Any CPU = Debug|Any CPU
		Release|Any CPU = Release|Any CPU
	EndGlobalSection
	GlobalSection(ProjectConfigurationPlatforms) = postSolution
		{192A2F8B-D979-43B4-9D54-46778D9D4476}.Debug|Any CPU.ActiveCfg = Debug|Any CPU
		{192A2F8B-D979-43B4-9D54-46778D9D4476}.Debug|Any CPU.Build.0 = Debug|Any CPU
		{192A2F8B-D979-43B4-9D54-46778D9D4476}.Release|Any CPU.ActiveCfg = Release|Any CPU
		{192A2F8B-D979-43B4-9D54-46778D9D4476}.Release|Any CPU.Build.0 = Release|Any CPU
	EndGlobalSection
	GlobalSection(SolutionProperties) = preSolution
		HideSolutionNode = FALSE
	EndGlobalSection
	GlobalSection(ExtensibilityGlobals) = postSolution
		SolutionGuid = {88B0D90E-2E39-4B2C-B942-29A2CA3E078A}
	EndGlobalSection
EndGlobal
