
Microsoft Visual Studio Solution File, Format Version 12.00
# Visual Studio 15
VisualStudioVersion = 15.0.27130.2026
MinimumVisualStudioVersion = 10.0.40219.1
Project("{FAE04EC0-301F-11D3-BF4B-00C04F79EFBC}") = "0.1 Choose a Drink", "0.1 Choose a Drink\0.1 Choose a Drink.csproj", "{F5E09EF5-E2F9-43F1-86C9-0941DF4973CD}"
EndProject
Global
	GlobalSection(SolutionConfigurationPlatforms) = preSolution
		Debug|Any CPU = Debug|Any CPU
		Release|Any CPU = Release|Any CPU
	EndGlobalSection
	GlobalSection(ProjectConfigurationPlatforms) = postSolution
		{F5E09EF5-E2F9-43F1-86C9-0941DF4973CD}.Debug|Any CPU.ActiveCfg = Debug|Any CPU
		{F5E09EF5-E2F9-43F1-86C9-0941DF4973CD}.Debug|Any CPU.Build.0 = Debug|Any CPU
		{F5E09EF5-E2F9-43F1-86C9-0941DF4973CD}.Release|Any CPU.ActiveCfg = Release|Any CPU
		{F5E09EF5-E2F9-43F1-86C9-0941DF4973CD}.Release|Any CPU.Build.0 = Release|Any CPU
	EndGlobalSection
	GlobalSection(SolutionProperties) = preSolution
		HideSolutionNode = FALSE
	EndGlobalSection
	GlobalSection(ExtensibilityGlobals) = postSolution
		SolutionGuid = {E365A1EC-A38A-4492-9B3D-7E5692FCD4BA}
	EndGlobalSection
EndGlobal
