
Microsoft Visual Studio Solution File, Format Version 12.00
# Visual Studio 15
VisualStudioVersion = 15.0.27130.2026
MinimumVisualStudioVersion = 10.0.40219.1
Project("{FAE04EC0-301F-11D3-BF4B-00C04F79EFBC}") = "06. Triples of Letters", "06. Triples of Letters\06. Triples of Letters.csproj", "{18ED5810-EF59-48F9-84AC-601B4FB594E9}"
EndProject
Global
	GlobalSection(SolutionConfigurationPlatforms) = preSolution
		Debug|Any CPU = Debug|Any CPU
		Release|Any CPU = Release|Any CPU
	EndGlobalSection
	GlobalSection(ProjectConfigurationPlatforms) = postSolution
		{18ED5810-EF59-48F9-84AC-601B4FB594E9}.Debug|Any CPU.ActiveCfg = Debug|Any CPU
		{18ED5810-EF59-48F9-84AC-601B4FB594E9}.Debug|Any CPU.Build.0 = Debug|Any CPU
		{18ED5810-EF59-48F9-84AC-601B4FB594E9}.Release|Any CPU.ActiveCfg = Release|Any CPU
		{18ED5810-EF59-48F9-84AC-601B4FB594E9}.Release|Any CPU.Build.0 = Release|Any CPU
	EndGlobalSection
	GlobalSection(SolutionProperties) = preSolution
		HideSolutionNode = FALSE
	EndGlobalSection
	GlobalSection(ExtensibilityGlobals) = postSolution
		SolutionGuid = {A41FDBAB-3368-4FB7-91B4-1D9CCB04ABAD}
	EndGlobalSection
EndGlobal
