
Microsoft Visual Studio Solution File, Format Version 12.00
# Visual Studio 15
VisualStudioVersion = 15.0.27130.2026
MinimumVisualStudioVersion = 10.0.40219.1
Project("{FAE04EC0-301F-11D3-BF4B-00C04F79EFBC}") = "07. Sum Arrays", "07. Sum Arrays\07. Sum Arrays.csproj", "{ABDE33F8-195B-4A3D-A6F4-B65C13F0A1BD}"
EndProject
Global
	GlobalSection(SolutionConfigurationPlatforms) = preSolution
		Debug|Any CPU = Debug|Any CPU
		Release|Any CPU = Release|Any CPU
	EndGlobalSection
	GlobalSection(ProjectConfigurationPlatforms) = postSolution
		{ABDE33F8-195B-4A3D-A6F4-B65C13F0A1BD}.Debug|Any CPU.ActiveCfg = Debug|Any CPU
		{ABDE33F8-195B-4A3D-A6F4-B65C13F0A1BD}.Debug|Any CPU.Build.0 = Debug|Any CPU
		{ABDE33F8-195B-4A3D-A6F4-B65C13F0A1BD}.Release|Any CPU.ActiveCfg = Release|Any CPU
		{ABDE33F8-195B-4A3D-A6F4-B65C13F0A1BD}.Release|Any CPU.Build.0 = Release|Any CPU
	EndGlobalSection
	GlobalSection(SolutionProperties) = preSolution
		HideSolutionNode = FALSE
	EndGlobalSection
	GlobalSection(ExtensibilityGlobals) = postSolution
		SolutionGuid = {5C4C37FC-BD73-4226-9F41-1B79D32B7E60}
	EndGlobalSection
EndGlobal
