
Microsoft Visual Studio Solution File, Format Version 12.00
# Visual Studio 15
VisualStudioVersion = 15.0.27130.2024
MinimumVisualStudioVersion = 10.0.40219.1
Project("{FAE04EC0-301F-11D3-BF4B-00C04F79EFBC}") = "03. Employee Data", "03. Employee Data\03. Employee Data.csproj", "{F3A166C6-E4C7-4442-914E-6ADB6AE37B8D}"
EndProject
Global
	GlobalSection(SolutionConfigurationPlatforms) = preSolution
		Debug|Any CPU = Debug|Any CPU
		Release|Any CPU = Release|Any CPU
	EndGlobalSection
	GlobalSection(ProjectConfigurationPlatforms) = postSolution
		{F3A166C6-E4C7-4442-914E-6ADB6AE37B8D}.Debug|Any CPU.ActiveCfg = Debug|Any CPU
		{F3A166C6-E4C7-4442-914E-6ADB6AE37B8D}.Debug|Any CPU.Build.0 = Debug|Any CPU
		{F3A166C6-E4C7-4442-914E-6ADB6AE37B8D}.Release|Any CPU.ActiveCfg = Release|Any CPU
		{F3A166C6-E4C7-4442-914E-6ADB6AE37B8D}.Release|Any CPU.Build.0 = Release|Any CPU
	EndGlobalSection
	GlobalSection(SolutionProperties) = preSolution
		HideSolutionNode = FALSE
	EndGlobalSection
	GlobalSection(ExtensibilityGlobals) = postSolution
		SolutionGuid = {DF06F5F8-2071-4B9C-B09B-84A5ABAE1465}
	EndGlobalSection
EndGlobal
