
Microsoft Visual Studio Solution File, Format Version 12.00
# Visual Studio 15
VisualStudioVersion = 15.0.27130.2026
MinimumVisualStudioVersion = 10.0.40219.1
Project("{FAE04EC0-301F-11D3-BF4B-00C04F79EFBC}") = "11. Dragon Army", "11. Dragon Army\11. Dragon Army.csproj", "{AC7792A7-83BE-4F6C-9086-9D2A958EC3AA}"
EndProject
Global
	GlobalSection(SolutionConfigurationPlatforms) = preSolution
		Debug|Any CPU = Debug|Any CPU
		Release|Any CPU = Release|Any CPU
	EndGlobalSection
	GlobalSection(ProjectConfigurationPlatforms) = postSolution
		{AC7792A7-83BE-4F6C-9086-9D2A958EC3AA}.Debug|Any CPU.ActiveCfg = Debug|Any CPU
		{AC7792A7-83BE-4F6C-9086-9D2A958EC3AA}.Debug|Any CPU.Build.0 = Debug|Any CPU
		{AC7792A7-83BE-4F6C-9086-9D2A958EC3AA}.Release|Any CPU.ActiveCfg = Release|Any CPU
		{AC7792A7-83BE-4F6C-9086-9D2A958EC3AA}.Release|Any CPU.Build.0 = Release|Any CPU
	EndGlobalSection
	GlobalSection(SolutionProperties) = preSolution
		HideSolutionNode = FALSE
	EndGlobalSection
	GlobalSection(ExtensibilityGlobals) = postSolution
		SolutionGuid = {13BBD847-A3B8-4D8C-A0F4-E34D12E904D6}
	EndGlobalSection
EndGlobal
