
Microsoft Visual Studio Solution File, Format Version 12.00
# Visual Studio 15
VisualStudioVersion = 15.0.27130.2026
MinimumVisualStudioVersion = 10.0.40219.1
Project("{FAE04EC0-301F-11D3-BF4B-00C04F79EFBC}") = "02. Number Checker", "02. Number Checker\02. Number Checker.csproj", "{8F7C321F-BE63-420B-864C-9C30149F3EC1}"
EndProject
Global
	GlobalSection(SolutionConfigurationPlatforms) = preSolution
		Debug|Any CPU = Debug|Any CPU
		Release|Any CPU = Release|Any CPU
	EndGlobalSection
	GlobalSection(ProjectConfigurationPlatforms) = postSolution
		{8F7C321F-BE63-420B-864C-9C30149F3EC1}.Debug|Any CPU.ActiveCfg = Debug|Any CPU
		{8F7C321F-BE63-420B-864C-9C30149F3EC1}.Debug|Any CPU.Build.0 = Debug|Any CPU
		{8F7C321F-BE63-420B-864C-9C30149F3EC1}.Release|Any CPU.ActiveCfg = Release|Any CPU
		{8F7C321F-BE63-420B-864C-9C30149F3EC1}.Release|Any CPU.Build.0 = Release|Any CPU
	EndGlobalSection
	GlobalSection(SolutionProperties) = preSolution
		HideSolutionNode = FALSE
	EndGlobalSection
	GlobalSection(ExtensibilityGlobals) = postSolution
		SolutionGuid = {F75571D3-A1AD-443B-A648-C3E9FF4D7BAA}
	EndGlobalSection
EndGlobal
