
Microsoft Visual Studio Solution File, Format Version 12.00
# Visual Studio 15
VisualStudioVersion = 15.0.27130.2026
MinimumVisualStudioVersion = 10.0.40219.1
Project("{FAE04EC0-301F-11D3-BF4B-00C04F79EFBC}") = "06. Max Sequence of Equal Elements", "06. Max Sequence of Equal Elements\06. Max Sequence of Equal Elements.csproj", "{2A1AB4E6-508F-416D-8434-636397542C9F}"
EndProject
Global
	GlobalSection(SolutionConfigurationPlatforms) = preSolution
		Debug|Any CPU = Debug|Any CPU
		Release|Any CPU = Release|Any CPU
	EndGlobalSection
	GlobalSection(ProjectConfigurationPlatforms) = postSolution
		{2A1AB4E6-508F-416D-8434-636397542C9F}.Debug|Any CPU.ActiveCfg = Debug|Any CPU
		{2A1AB4E6-508F-416D-8434-636397542C9F}.Debug|Any CPU.Build.0 = Debug|Any CPU
		{2A1AB4E6-508F-416D-8434-636397542C9F}.Release|Any CPU.ActiveCfg = Release|Any CPU
		{2A1AB4E6-508F-416D-8434-636397542C9F}.Release|Any CPU.Build.0 = Release|Any CPU
	EndGlobalSection
	GlobalSection(SolutionProperties) = preSolution
		HideSolutionNode = FALSE
	EndGlobalSection
	GlobalSection(ExtensibilityGlobals) = postSolution
		SolutionGuid = {3D631ADC-7A51-4D71-8184-EE8123387521}
	EndGlobalSection
EndGlobal
