
Microsoft Visual Studio Solution File, Format Version 12.00
# Visual Studio 15
VisualStudioVersion = 15.0.27130.2026
MinimumVisualStudioVersion = 10.0.40219.1
Project("{FAE04EC0-301F-11D3-BF4B-00C04F79EFBC}") = "02. Odd Occurrences", "02. Odd Occurrences\02. Odd Occurrences.csproj", "{CF489573-8A59-4604-A9B6-833042A99E5E}"
EndProject
Global
	GlobalSection(SolutionConfigurationPlatforms) = preSolution
		Debug|Any CPU = Debug|Any CPU
		Release|Any CPU = Release|Any CPU
	EndGlobalSection
	GlobalSection(ProjectConfigurationPlatforms) = postSolution
		{CF489573-8A59-4604-A9B6-833042A99E5E}.Debug|Any CPU.ActiveCfg = Debug|Any CPU
		{CF489573-8A59-4604-A9B6-833042A99E5E}.Debug|Any CPU.Build.0 = Debug|Any CPU
		{CF489573-8A59-4604-A9B6-833042A99E5E}.Release|Any CPU.ActiveCfg = Release|Any CPU
		{CF489573-8A59-4604-A9B6-833042A99E5E}.Release|Any CPU.Build.0 = Release|Any CPU
	EndGlobalSection
	GlobalSection(SolutionProperties) = preSolution
		HideSolutionNode = FALSE
	EndGlobalSection
	GlobalSection(ExtensibilityGlobals) = postSolution
		SolutionGuid = {E5685F8B-3683-4640-AEA7-0CC280044519}
	EndGlobalSection
EndGlobal
