
Microsoft Visual Studio Solution File, Format Version 12.00
# Visual Studio 15
VisualStudioVersion = 15.0.27130.2026
MinimumVisualStudioVersion = 10.0.40219.1
Project("{FAE04EC0-301F-11D3-BF4B-00C04F79EFBC}") = "04. Split by Word Casing", "04. Split by Word Casing\04. Split by Word Casing.csproj", "{6DF3048A-7053-4E99-B300-21C4CCAF98CF}"
EndProject
Global
	GlobalSection(SolutionConfigurationPlatforms) = preSolution
		Debug|Any CPU = Debug|Any CPU
		Release|Any CPU = Release|Any CPU
	EndGlobalSection
	GlobalSection(ProjectConfigurationPlatforms) = postSolution
		{6DF3048A-7053-4E99-B300-21C4CCAF98CF}.Debug|Any CPU.ActiveCfg = Debug|Any CPU
		{6DF3048A-7053-4E99-B300-21C4CCAF98CF}.Debug|Any CPU.Build.0 = Debug|Any CPU
		{6DF3048A-7053-4E99-B300-21C4CCAF98CF}.Release|Any CPU.ActiveCfg = Release|Any CPU
		{6DF3048A-7053-4E99-B300-21C4CCAF98CF}.Release|Any CPU.Build.0 = Release|Any CPU
	EndGlobalSection
	GlobalSection(SolutionProperties) = preSolution
		HideSolutionNode = FALSE
	EndGlobalSection
	GlobalSection(ExtensibilityGlobals) = postSolution
		SolutionGuid = {FD729A79-006D-46E1-8456-D79E392C0DD8}
	EndGlobalSection
EndGlobal
