
Microsoft Visual Studio Solution File, Format Version 12.00
# Visual Studio 15
VisualStudioVersion = 15.0.27130.2026
MinimumVisualStudioVersion = 10.0.40219.1
Project("{FAE04EC0-301F-11D3-BF4B-00C04F79EFBC}") = "05. Book Library", "05. Book Library\05. Book Library.csproj", "{66AEA2CA-BAB4-4D4B-B3F2-6346C80EABE6}"
EndProject
Global
	GlobalSection(SolutionConfigurationPlatforms) = preSolution
		Debug|Any CPU = Debug|Any CPU
		Release|Any CPU = Release|Any CPU
	EndGlobalSection
	GlobalSection(ProjectConfigurationPlatforms) = postSolution
		{66AEA2CA-BAB4-4D4B-B3F2-6346C80EABE6}.Debug|Any CPU.ActiveCfg = Debug|Any CPU
		{66AEA2CA-BAB4-4D4B-B3F2-6346C80EABE6}.Debug|Any CPU.Build.0 = Debug|Any CPU
		{66AEA2CA-BAB4-4D4B-B3F2-6346C80EABE6}.Release|Any CPU.ActiveCfg = Release|Any CPU
		{66AEA2CA-BAB4-4D4B-B3F2-6346C80EABE6}.Release|Any CPU.Build.0 = Release|Any CPU
	EndGlobalSection
	GlobalSection(SolutionProperties) = preSolution
		HideSolutionNode = FALSE
	EndGlobalSection
	GlobalSection(ExtensibilityGlobals) = postSolution
		SolutionGuid = {C215E462-6FD5-4C25-AE25-AF6F0BD65BBE}
	EndGlobalSection
EndGlobal
