
Microsoft Visual Studio Solution File, Format Version 12.00
# Visual Studio 15
VisualStudioVersion = 15.0.27130.2026
MinimumVisualStudioVersion = 10.0.40219.1
Project("{FAE04EC0-301F-11D3-BF4B-00C04F79EFBC}") = "04. Draw a Filled Square", "04. Draw a Filled Square\04. Draw a Filled Square.csproj", "{33E65747-20D8-47B5-9756-2EA4C061C839}"
EndProject
Global
	GlobalSection(SolutionConfigurationPlatforms) = preSolution
		Debug|Any CPU = Debug|Any CPU
		Release|Any CPU = Release|Any CPU
	EndGlobalSection
	GlobalSection(ProjectConfigurationPlatforms) = postSolution
		{33E65747-20D8-47B5-9756-2EA4C061C839}.Debug|Any CPU.ActiveCfg = Debug|Any CPU
		{33E65747-20D8-47B5-9756-2EA4C061C839}.Debug|Any CPU.Build.0 = Debug|Any CPU
		{33E65747-20D8-47B5-9756-2EA4C061C839}.Release|Any CPU.ActiveCfg = Release|Any CPU
		{33E65747-20D8-47B5-9756-2EA4C061C839}.Release|Any CPU.Build.0 = Release|Any CPU
	EndGlobalSection
	GlobalSection(SolutionProperties) = preSolution
		HideSolutionNode = FALSE
	EndGlobalSection
	GlobalSection(ExtensibilityGlobals) = postSolution
		SolutionGuid = {DB729129-F41E-40DA-9C62-72FCDF493E17}
	EndGlobalSection
EndGlobal
