
Microsoft Visual Studio Solution File, Format Version 12.00
# Visual Studio 15
VisualStudioVersion = 15.0.27130.2026
MinimumVisualStudioVersion = 10.0.40219.1
Project("{FAE04EC0-301F-11D3-BF4B-00C04F79EFBC}") = "05. Foreign Languages", "05. Foreign Languages\05. Foreign Languages.csproj", "{2C7E1A4F-10F8-4D70-BE63-C7CAFD0D9129}"
EndProject
Global
	GlobalSection(SolutionConfigurationPlatforms) = preSolution
		Debug|Any CPU = Debug|Any CPU
		Release|Any CPU = Release|Any CPU
	EndGlobalSection
	GlobalSection(ProjectConfigurationPlatforms) = postSolution
		{2C7E1A4F-10F8-4D70-BE63-C7CAFD0D9129}.Debug|Any CPU.ActiveCfg = Debug|Any CPU
		{2C7E1A4F-10F8-4D70-BE63-C7CAFD0D9129}.Debug|Any CPU.Build.0 = Debug|Any CPU
		{2C7E1A4F-10F8-4D70-BE63-C7CAFD0D9129}.Release|Any CPU.ActiveCfg = Release|Any CPU
		{2C7E1A4F-10F8-4D70-BE63-C7CAFD0D9129}.Release|Any CPU.Build.0 = Release|Any CPU
	EndGlobalSection
	GlobalSection(SolutionProperties) = preSolution
		HideSolutionNode = FALSE
	EndGlobalSection
	GlobalSection(ExtensibilityGlobals) = postSolution
		SolutionGuid = {C8B3D62B-1D04-487B-AEA8-99B1B4B367FB}
	EndGlobalSection
EndGlobal
