
Microsoft Visual Studio Solution File, Format Version 12.00
# Visual Studio 15
VisualStudioVersion = 15.0.27130.2026
MinimumVisualStudioVersion = 10.0.40219.1
Project("{FAE04EC0-301F-11D3-BF4B-00C04F79EFBC}") = "09. Reversed chars", "09. Reversed chars\09. Reversed chars.csproj", "{4851BD3F-BE57-40D4-AF52-15584214B50A}"
EndProject
Global
	GlobalSection(SolutionConfigurationPlatforms) = preSolution
		Debug|Any CPU = Debug|Any CPU
		Release|Any CPU = Release|Any CPU
	EndGlobalSection
	GlobalSection(ProjectConfigurationPlatforms) = postSolution
		{4851BD3F-BE57-40D4-AF52-15584214B50A}.Debug|Any CPU.ActiveCfg = Debug|Any CPU
		{4851BD3F-BE57-40D4-AF52-15584214B50A}.Debug|Any CPU.Build.0 = Debug|Any CPU
		{4851BD3F-BE57-40D4-AF52-15584214B50A}.Release|Any CPU.ActiveCfg = Release|Any CPU
		{4851BD3F-BE57-40D4-AF52-15584214B50A}.Release|Any CPU.Build.0 = Release|Any CPU
	EndGlobalSection
	GlobalSection(SolutionProperties) = preSolution
		HideSolutionNode = FALSE
	EndGlobalSection
	GlobalSection(ExtensibilityGlobals) = postSolution
		SolutionGuid = {307691D9-AE5E-4E60-BEC8-AE6C902EEEA9}
	EndGlobalSection
EndGlobal
