
Microsoft Visual Studio Solution File, Format Version 12.00
# Visual Studio 15
VisualStudioVersion = 15.0.27130.2026
MinimumVisualStudioVersion = 10.0.40219.1
Project("{FAE04EC0-301F-11D3-BF4B-00C04F79EFBC}") = "03. Min, Max, Sum, Average", "03. Min, Max, Sum, Average\03. Min, Max, Sum, Average.csproj", "{DDB42D27-0405-4520-A16B-3A59830824FA}"
EndProject
Global
	GlobalSection(SolutionConfigurationPlatforms) = preSolution
		Debug|Any CPU = Debug|Any CPU
		Release|Any CPU = Release|Any CPU
	EndGlobalSection
	GlobalSection(ProjectConfigurationPlatforms) = postSolution
		{DDB42D27-0405-4520-A16B-3A59830824FA}.Debug|Any CPU.ActiveCfg = Debug|Any CPU
		{DDB42D27-0405-4520-A16B-3A59830824FA}.Debug|Any CPU.Build.0 = Debug|Any CPU
		{DDB42D27-0405-4520-A16B-3A59830824FA}.Release|Any CPU.ActiveCfg = Release|Any CPU
		{DDB42D27-0405-4520-A16B-3A59830824FA}.Release|Any CPU.Build.0 = Release|Any CPU
	EndGlobalSection
	GlobalSection(SolutionProperties) = preSolution
		HideSolutionNode = FALSE
	EndGlobalSection
	GlobalSection(ExtensibilityGlobals) = postSolution
		SolutionGuid = {7B044D29-3432-409C-B9F2-1679A9F9CFF0}
	EndGlobalSection
EndGlobal
