
Microsoft Visual Studio Solution File, Format Version 12.00
# Visual Studio 15
VisualStudioVersion = 15.0.27130.2026
MinimumVisualStudioVersion = 10.0.40219.1
Project("{FAE04EC0-301F-11D3-BF4B-00C04F79EFBC}") = "01. Largest Common End", "01. Largest Common End\01. Largest Common End.csproj", "{5FDABE67-ADF5-4EB8-873C-E507CEA35A4C}"
EndProject
Global
	GlobalSection(SolutionConfigurationPlatforms) = preSolution
		Debug|Any CPU = Debug|Any CPU
		Release|Any CPU = Release|Any CPU
	EndGlobalSection
	GlobalSection(ProjectConfigurationPlatforms) = postSolution
		{5FDABE67-ADF5-4EB8-873C-E507CEA35A4C}.Debug|Any CPU.ActiveCfg = Debug|Any CPU
		{5FDABE67-ADF5-4EB8-873C-E507CEA35A4C}.Debug|Any CPU.Build.0 = Debug|Any CPU
		{5FDABE67-ADF5-4EB8-873C-E507CEA35A4C}.Release|Any CPU.ActiveCfg = Release|Any CPU
		{5FDABE67-ADF5-4EB8-873C-E507CEA35A4C}.Release|Any CPU.Build.0 = Release|Any CPU
	EndGlobalSection
	GlobalSection(SolutionProperties) = preSolution
		HideSolutionNode = FALSE
	EndGlobalSection
	GlobalSection(ExtensibilityGlobals) = postSolution
		SolutionGuid = {79EE2118-1FF3-4DE9-A78D-2DF1485BB77B}
	EndGlobalSection
EndGlobal
